{
  "requires": true,
  "lockfileVersion": 1,
  "dependencies": {
    "facesjs": {
      "version": "3.6.0",
      "resolved": "https://registry.npmjs.org/facesjs/-/facesjs-3.6.0.tgz",
      "integrity": "sha512-pdGuIJkCPqfWk66WHpjvSCuhEXKZwQ72I11JRwPUa4jJVOFcn+ViIVm6vH3bTy0tyC2DE6Jhrg00Ah7DCHiWCg=="
    }
  }
}
